
Microsoft Visual Studio Solution File, Format Version 12.00
# Visual Studio 15
VisualStudioVersion = 15.0.28307.168
MinimumVisualStudioVersion = 10.0.40219.1
Project("{9A19103F-16F7-4668-BE54-9A1E7A4F7556}") = "DataPipeline2DocLambda", "DataPipeline2DocLambda\DataPipeline2DocLambda.csproj", "{19FABFC7-D3B4-4C65-88B5-103407EE0B59}"
EndProject
Project("{9A19103F-16F7-4668-BE54-9A1E7A4F7556}") = "DataPipeline2DocLambda.Tests", "DataPipeline2DocLambda.Tests\DataPipeline2DocLambda.Tests.csproj", "{7AE7BE39-E518-4A90-ABC8-364FC8C51CAC}"
EndProject
Project("{FAE04EC0-301F-11D3-BF4B-00C04F79EFBC}") = "DataPipeline2Doc", "DataPipeline2Doc\DataPipeline2Doc.csproj", "{8FE15365-6514-4DC3-B49A-D149CC4E7C2A}"
EndProject
Project("{FAE04EC0-301F-11D3-BF4B-00C04F79EFBC}") = "DataPipeline2Doc.Tests", "DataPipeline2Doc.Tests\DataPipeline2Doc.Tests.csproj", "{A0BF4964-8D17-45B7-B99A-5881FBDEC6B3}"
EndProject
Global
	GlobalSection(SolutionConfigurationPlatforms) = preSolution
		Debug|Any CPU = Debug|Any CPU
		Release|Any CPU = Release|Any CPU
	EndGlobalSection
	GlobalSection(ProjectConfigurationPlatforms) = postSolution
		{19FABFC7-D3B4-4C65-88B5-103407EE0B59}.Debug|Any CPU.ActiveCfg = Debug|Any CPU
		{19FABFC7-D3B4-4C65-88B5-103407EE0B59}.Debug|Any CPU.Build.0 = Debug|Any CPU
		{19FABFC7-D3B4-4C65-88B5-103407EE0B59}.Release|Any CPU.ActiveCfg = Release|Any CPU
		{19FABFC7-D3B4-4C65-88B5-103407EE0B59}.Release|Any CPU.Build.0 = Release|Any CPU
		{7AE7BE39-E518-4A90-ABC8-364FC8C51CAC}.Debug|Any CPU.ActiveCfg = Debug|Any CPU
		{7AE7BE39-E518-4A90-ABC8-364FC8C51CAC}.Debug|Any CPU.Build.0 = Debug|Any CPU
		{7AE7BE39-E518-4A90-ABC8-364FC8C51CAC}.Release|Any CPU.ActiveCfg = Release|Any CPU
		{7AE7BE39-E518-4A90-ABC8-364FC8C51CAC}.Release|Any CPU.Build.0 = Release|Any CPU
		{8FE15365-6514-4DC3-B49A-D149CC4E7C2A}.Debug|Any CPU.ActiveCfg = Debug|Any CPU
		{8FE15365-6514-4DC3-B49A-D149CC4E7C2A}.Debug|Any CPU.Build.0 = Debug|Any CPU
		{8FE15365-6514-4DC3-B49A-D149CC4E7C2A}.Release|Any CPU.ActiveCfg = Release|Any CPU
		{8FE15365-6514-4DC3-B49A-D149CC4E7C2A}.Release|Any CPU.Build.0 = Release|Any CPU
		{A0BF4964-8D17-45B7-B99A-5881FBDEC6B3}.Debug|Any CPU.ActiveCfg = Debug|Any CPU
		{A0BF4964-8D17-45B7-B99A-5881FBDEC6B3}.Debug|Any CPU.Build.0 = Debug|Any CPU
		{A0BF4964-8D17-45B7-B99A-5881FBDEC6B3}.Release|Any CPU.ActiveCfg = Release|Any CPU
		{A0BF4964-8D17-45B7-B99A-5881FBDEC6B3}.Release|Any CPU.Build.0 = Release|Any CPU
	EndGlobalSection
	GlobalSection(SolutionProperties) = preSolution
		HideSolutionNode = FALSE
	EndGlobalSection
	GlobalSection(ExtensibilityGlobals) = postSolution
		SolutionGuid = {90EB05A5-6B92-4F5D-B87E-92865B3DE16B}
	EndGlobalSection
EndGlobal
