
Microsoft Visual Studio Solution File, Format Version 12.00
# Visual Studio Version 16
VisualStudioVersion = 16.0.29728.190
MinimumVisualStudioVersion = 10.0.40219.1
Project("{9A19103F-16F7-4668-BE54-9A1E7A4F7556}") = "JHashimoto.DataPipeline2Doc.Tests", "JHashimoto.DataPipeline2Doc.Tests\JHashimoto.DataPipeline2Doc.Tests.csproj", "{51164424-EE82-4F4F-99F8-5CDE67C4567A}"
EndProject
Project("{9A19103F-16F7-4668-BE54-9A1E7A4F7556}") = "JHashimoto.DataPipeline2Doc.Domain", "JHashimoto.DataPipeline2Doc.Domain\JHashimoto.DataPipeline2Doc.Domain.csproj", "{85284AE3-3F22-4086-B6A8-4080568C5DCA}"
EndProject
Project("{9A19103F-16F7-4668-BE54-9A1E7A4F7556}") = "JHashimoto.DataPipeline2Doc.InMemory", "JHashimoto.DataPipeline2Doc.InMemory\JHashimoto.DataPipeline2Doc.InMemory.csproj", "{2610BFA4-A7CD-4A81-AB8D-320F2DFB8807}"
EndProject
Global
	GlobalSection(SolutionConfigurationPlatforms) = preSolution
		Debug|Any CPU = Debug|Any CPU
		Release|Any CPU = Release|Any CPU
	EndGlobalSection
	GlobalSection(ProjectConfigurationPlatforms) = postSolution
		{51164424-EE82-4F4F-99F8-5CDE67C4567A}.Debug|Any CPU.ActiveCfg = Debug|Any CPU
		{51164424-EE82-4F4F-99F8-5CDE67C4567A}.Debug|Any CPU.Build.0 = Debug|Any CPU
		{51164424-EE82-4F4F-99F8-5CDE67C4567A}.Release|Any CPU.ActiveCfg = Release|Any CPU
		{51164424-EE82-4F4F-99F8-5CDE67C4567A}.Release|Any CPU.Build.0 = Release|Any CPU
		{85284AE3-3F22-4086-B6A8-4080568C5DCA}.Debug|Any CPU.ActiveCfg = Debug|Any CPU
		{85284AE3-3F22-4086-B6A8-4080568C5DCA}.Debug|Any CPU.Build.0 = Debug|Any CPU
		{85284AE3-3F22-4086-B6A8-4080568C5DCA}.Release|Any CPU.ActiveCfg = Release|Any CPU
		{85284AE3-3F22-4086-B6A8-4080568C5DCA}.Release|Any CPU.Build.0 = Release|Any CPU
		{2610BFA4-A7CD-4A81-AB8D-320F2DFB8807}.Debug|Any CPU.ActiveCfg = Debug|Any CPU
		{2610BFA4-A7CD-4A81-AB8D-320F2DFB8807}.Debug|Any CPU.Build.0 = Debug|Any CPU
		{2610BFA4-A7CD-4A81-AB8D-320F2DFB8807}.Release|Any CPU.ActiveCfg = Release|Any CPU
		{2610BFA4-A7CD-4A81-AB8D-320F2DFB8807}.Release|Any CPU.Build.0 = Release|Any CPU
	EndGlobalSection
	GlobalSection(SolutionProperties) = preSolution
		HideSolutionNode = FALSE
	EndGlobalSection
	GlobalSection(ExtensibilityGlobals) = postSolution
		SolutionGuid = {5DF33818-1766-41A5-B293-94F6B90442AF}
	EndGlobalSection
EndGlobal
